
Microsoft Visual Studio Solution File, Format Version 12.00
# Visual Studio Version 16
VisualStudioVersion = 16.0.28729.10
MinimumVisualStudioVersion = 10.0.40219.1
Project("{9A19103F-16F7-4668-BE54-9A1E7A4F7556}") = "PineriverASPNETPage", "PineriverASPNETPage\PineriverASPNETPage.csproj", "{D9B3643A-C1A8-447B-8040-4520A2BD26FF}"
EndProject
Project("{9A19103F-16F7-4668-BE54-9A1E7A4F7556}") = "Services", "Services\Services.csproj", "{2FCDB163-714A-4F7C-858F-9DC0C09640C4}"
EndProject
Project("{9A19103F-16F7-4668-BE54-9A1E7A4F7556}") = "PineriverData", "PineriverData\PineriverData.csproj", "{F8334A3C-1ABB-4D13-AB2F-9530F139F20D}"
EndProject
Project("{FAE04EC0-301F-11D3-BF4B-00C04F79EFBC}") = "CSGOTEST", "CSGOTEST\CSGOTEST.csproj", "{9294656A-EEE3-4DC9-A1F6-6547E8F21406}"
EndProject
Global
	GlobalSection(SolutionConfigurationPlatforms) = preSolution
		Debug|Any CPU = Debug|Any CPU
		Release|Any CPU = Release|Any CPU
	EndGlobalSection
	GlobalSection(ProjectConfigurationPlatforms) = postSolution
		{D9B3643A-C1A8-447B-8040-4520A2BD26FF}.Debug|Any CPU.ActiveCfg = Debug|Any CPU
		{D9B3643A-C1A8-447B-8040-4520A2BD26FF}.Debug|Any CPU.Build.0 = Debug|Any CPU
		{D9B3643A-C1A8-447B-8040-4520A2BD26FF}.Release|Any CPU.ActiveCfg = Release|Any CPU
		{D9B3643A-C1A8-447B-8040-4520A2BD26FF}.Release|Any CPU.Build.0 = Release|Any CPU
		{2FCDB163-714A-4F7C-858F-9DC0C09640C4}.Debug|Any CPU.ActiveCfg = Debug|Any CPU
		{2FCDB163-714A-4F7C-858F-9DC0C09640C4}.Debug|Any CPU.Build.0 = Debug|Any CPU
		{2FCDB163-714A-4F7C-858F-9DC0C09640C4}.Release|Any CPU.ActiveCfg = Release|Any CPU
		{2FCDB163-714A-4F7C-858F-9DC0C09640C4}.Release|Any CPU.Build.0 = Release|Any CPU
		{F8334A3C-1ABB-4D13-AB2F-9530F139F20D}.Debug|Any CPU.ActiveCfg = Debug|Any CPU
		{F8334A3C-1ABB-4D13-AB2F-9530F139F20D}.Debug|Any CPU.Build.0 = Debug|Any CPU
		{F8334A3C-1ABB-4D13-AB2F-9530F139F20D}.Release|Any CPU.ActiveCfg = Release|Any CPU
		{F8334A3C-1ABB-4D13-AB2F-9530F139F20D}.Release|Any CPU.Build.0 = Release|Any CPU
		{9294656A-EEE3-4DC9-A1F6-6547E8F21406}.Debug|Any CPU.ActiveCfg = Debug|Any CPU
		{9294656A-EEE3-4DC9-A1F6-6547E8F21406}.Debug|Any CPU.Build.0 = Debug|Any CPU
		{9294656A-EEE3-4DC9-A1F6-6547E8F21406}.Release|Any CPU.ActiveCfg = Release|Any CPU
		{9294656A-EEE3-4DC9-A1F6-6547E8F21406}.Release|Any CPU.Build.0 = Release|Any CPU
	EndGlobalSection
	GlobalSection(SolutionProperties) = preSolution
		HideSolutionNode = FALSE
	EndGlobalSection
	GlobalSection(ExtensibilityGlobals) = postSolution
		SolutionGuid = {2551B95B-E99D-4E59-ADC6-F62C805947BC}
	EndGlobalSection
EndGlobal
